
Microsoft Visual Studio Solution File, Format Version 12.00
# Visual Studio Version 17
VisualStudioVersion = 17.0.31903.59
MinimumVisualStudioVersion = 10.0.40219.1
Project("{2150E333-8FDC-42A3-9474-1A3956D46DE8}") = "simple", "simple", "{D9041EDE-04C9-443F-9AB9-7F85C0CCC25D}"
EndProject
Project("{FAE04EC0-301F-11D3-BF4B-00C04F79EFBC}") = "mvc-dotnet-8", "simple\mvc-dotnet-8\mvc-dotnet-8.csproj", "{AE147921-9500-4C6F-941D-778DC6137F0D}"
EndProject
Project("{FAE04EC0-301F-11D3-BF4B-00C04F79EFBC}") = "mvc-dotnet-9", "simple\mvc-dotnet-9\mvc-dotnet-9.csproj", "{24888EF7-4876-4955-A866-0B2ECDDB7355}"
EndProject
Project("{2150E333-8FDC-42A3-9474-1A3956D46DE8}") = "advanced", "advanced", "{A3AFDB8D-35E8-4F83-ACD3-74483870D612}"
EndProject
Project("{FAE04EC0-301F-11D3-BF4B-00C04F79EFBC}") = "mvc-dotnet-8", "advanced\mvc-dotnet-8\mvc-dotnet-8.csproj", "{939AD5E9-441D-42BA-9FFF-70EE2F81108D}"
EndProject
Project("{FAE04EC0-301F-11D3-BF4B-00C04F79EFBC}") = "mvc-dotnet-9", "advanced\mvc-dotnet-9\mvc-dotnet-9.csproj", "{45B53907-3E16-4521-A69E-25C895054627}"
EndProject
Global
	GlobalSection(SolutionConfigurationPlatforms) = preSolution
		Debug|Any CPU = Debug|Any CPU
		Release|Any CPU = Release|Any CPU
	EndGlobalSection
	GlobalSection(SolutionProperties) = preSolution
		HideSolutionNode = FALSE
	EndGlobalSection
	GlobalSection(ProjectConfigurationPlatforms) = postSolution
		{AE147921-9500-4C6F-941D-778DC6137F0D}.Debug|Any CPU.ActiveCfg = Debug|Any CPU
		{AE147921-9500-4C6F-941D-778DC6137F0D}.Debug|Any CPU.Build.0 = Debug|Any CPU
		{AE147921-9500-4C6F-941D-778DC6137F0D}.Release|Any CPU.ActiveCfg = Release|Any CPU
		{AE147921-9500-4C6F-941D-778DC6137F0D}.Release|Any CPU.Build.0 = Release|Any CPU
		{24888EF7-4876-4955-A866-0B2ECDDB7355}.Debug|Any CPU.ActiveCfg = Debug|Any CPU
		{24888EF7-4876-4955-A866-0B2ECDDB7355}.Debug|Any CPU.Build.0 = Debug|Any CPU
		{24888EF7-4876-4955-A866-0B2ECDDB7355}.Release|Any CPU.ActiveCfg = Release|Any CPU
		{24888EF7-4876-4955-A866-0B2ECDDB7355}.Release|Any CPU.Build.0 = Release|Any CPU
		{939AD5E9-441D-42BA-9FFF-70EE2F81108D}.Debug|Any CPU.ActiveCfg = Debug|Any CPU
		{939AD5E9-441D-42BA-9FFF-70EE2F81108D}.Debug|Any CPU.Build.0 = Debug|Any CPU
		{939AD5E9-441D-42BA-9FFF-70EE2F81108D}.Release|Any CPU.ActiveCfg = Release|Any CPU
		{939AD5E9-441D-42BA-9FFF-70EE2F81108D}.Release|Any CPU.Build.0 = Release|Any CPU
		{45B53907-3E16-4521-A69E-25C895054627}.Debug|Any CPU.ActiveCfg = Debug|Any CPU
		{45B53907-3E16-4521-A69E-25C895054627}.Debug|Any CPU.Build.0 = Debug|Any CPU
		{45B53907-3E16-4521-A69E-25C895054627}.Release|Any CPU.ActiveCfg = Release|Any CPU
		{45B53907-3E16-4521-A69E-25C895054627}.Release|Any CPU.Build.0 = Release|Any CPU
	EndGlobalSection
	GlobalSection(NestedProjects) = preSolution
		{AE147921-9500-4C6F-941D-778DC6137F0D} = {D9041EDE-04C9-443F-9AB9-7F85C0CCC25D}
		{24888EF7-4876-4955-A866-0B2ECDDB7355} = {D9041EDE-04C9-443F-9AB9-7F85C0CCC25D}
		{939AD5E9-441D-42BA-9FFF-70EE2F81108D} = {A3AFDB8D-35E8-4F83-ACD3-74483870D612}
		{45B53907-3E16-4521-A69E-25C895054627} = {A3AFDB8D-35E8-4F83-ACD3-74483870D612}
	EndGlobalSection
EndGlobal
